
Microsoft Visual Studio Solution File, Format Version 12.00
# Visual Studio 2012
Project("{FAE04EC0-301F-11D3-BF4B-00C04F79EFBC}") = "GCMConsoleApplication", "ConsoleApplication2\GCMConsoleApplication.csproj", "{BE43368E-4462-4694-A4FA-EFB73B1CDA3B}"
EndProject
Project("{FAE04EC0-301F-11D3-BF4B-00C04F79EFBC}") = "GCMUnitTestProject", "GCM_UnitTestProject\GCMUnitTestProject.csproj", "{C411434E-EB0F-4167-AD1C-86B36F9714EE}"
EndProject
Global
	GlobalSection(SolutionConfigurationPlatforms) = preSolution
		Debug|Any CPU = Debug|Any CPU
		Release|Any CPU = Release|Any CPU
	EndGlobalSection
	GlobalSection(ProjectConfigurationPlatforms) = postSolution
		{BE43368E-4462-4694-A4FA-EFB73B1CDA3B}.Debug|Any CPU.ActiveCfg = Debug|Any CPU
		{BE43368E-4462-4694-A4FA-EFB73B1CDA3B}.Debug|Any CPU.Build.0 = Debug|Any CPU
		{BE43368E-4462-4694-A4FA-EFB73B1CDA3B}.Release|Any CPU.ActiveCfg = Release|Any CPU
		{BE43368E-4462-4694-A4FA-EFB73B1CDA3B}.Release|Any CPU.Build.0 = Release|Any CPU
		{C411434E-EB0F-4167-AD1C-86B36F9714EE}.Debug|Any CPU.ActiveCfg = Debug|Any CPU
		{C411434E-EB0F-4167-AD1C-86B36F9714EE}.Debug|Any CPU.Build.0 = Debug|Any CPU
		{C411434E-EB0F-4167-AD1C-86B36F9714EE}.Release|Any CPU.ActiveCfg = Release|Any CPU
		{C411434E-EB0F-4167-AD1C-86B36F9714EE}.Release|Any CPU.Build.0 = Release|Any CPU
	EndGlobalSection
	GlobalSection(SolutionProperties) = preSolution
		HideSolutionNode = FALSE
	EndGlobalSection
EndGlobal
